// !$*UTF8*$!
{
	archiveVersion = 1;
	classes = {
	};
	objectVersion = 50;
	objects = {

/* Begin PBXBuildFile section */
		F26B0CC1221CDBAA003913D6 /* AppDelegate.swift in Sources */ = {isa = PBXBuildFile; fileRef = F26B0CC0221CDBAA003913D6 /* AppDelegate.swift */; };
		F26B0CC6221CDBAB003913D6 /* Main.storyboard in Resources */ = {isa = PBXBuildFile; fileRef = F26B0CC4221CDBAB003913D6 /* Main.storyboard */; };
		F26B0CC8221CDBAC003913D6 /* Assets.xcassets in Resources */ = {isa = PBXBuildFile; fileRef = F26B0CC7221CDBAC003913D6 /* Assets.xcassets */; };
		F26B0CCB221CDBAC003913D6 /* LaunchScreen.storyboard in Resources */ = {isa = PBXBuildFile; fileRef = F26B0CC9221CDBAC003913D6 /* LaunchScreen.storyboard */; };
		F26B0CD6221CDBAC003913D6 /* WorldTrotterTests.swift in Sources */ = {isa = PBXBuildFile; fileRef = F26B0CD5221CDBAC003913D6 /* WorldTrotterTests.swift */; };
		F26B0CE1221CDBAC003913D6 /* WorldTrotterUITests.swift in Sources */ = {isa = PBXBuildFile; fileRef = F26B0CE0221CDBAC003913D6 /* WorldTrotterUITests.swift */; };
		F2830B0622261C940063CE6E /* ConversionViewController.swift in Sources */ = {isa = PBXBuildFile; fileRef = F2830B0522261C940063CE6E /* ConversionViewController.swift */; };
/* End PBXBuildFile section */

/* Begin PBXContainerItemProxy section */
		F26B0CD2221CDBAC003913D6 /* PBXContainerItemProxy */ = {
			isa = PBXContainerItemProxy;
			containerPortal = F26B0CB5221CDBAA003913D6 /* Project object */;
			proxyType = 1;
			remoteGlobalIDString = F26B0CBC221CDBAA003913D6;
			remoteInfo = WorldTrotter;
		};
		F26B0CDD221CDBAC003913D6 /* PBXContainerItemProxy */ = {
			isa = PBXContainerItemProxy;
			containerPortal = F26B0CB5221CDBAA003913D6 /* Project object */;
			proxyType = 1;
			remoteGlobalIDString = F26B0CBC221CDBAA003913D6;
			remoteInfo = WorldTrotter;
		};
/* End PBXContainerItemProxy section */

/* Begin PBXFileReference section */
		F26B0CBD221CDBAA003913D6 /* WorldTrotter.app */ = {isa = PBXFileReference; explicitFileType = wrapper.application; includeInIndex = 0; path = WorldTrotter.app; sourceTree = BUILT_PRODUCTS_DIR; };
		F26B0CC0221CDBAA003913D6 /* AppDelegate.swift */ = {isa = PBXFileReference; lastKnownFileType = sourcecode.swift; path = AppDelegate.swift; sourceTree = "<group>"; };
		F26B0CC5221CDBAB003913D6 /* Base */ = {isa = PBXFileReference; lastKnownFileType = file.storyboard; name = Base; path = Base.lproj/Main.storyboard; sourceTree = "<group>"; };
		F26B0CC7221CDBAC003913D6 /* Assets.xcassets */ = {isa = PBXFileReference; lastKnownFileType = folder.assetcatalog; path = Assets.xcassets; sourceTree = "<group>"; };
		F26B0CCA221CDBAC003913D6 /* Base */ = {isa = PBXFileReference; lastKnownFileType = file.storyboard; name = Base; path = Base.lproj/LaunchScreen.storyboard; sourceTree = "<group>"; };
		F26B0CCC221CDBAC003913D6 /* Info.plist */ = {isa = PBXFileReference; lastKnownFileType = text.plist.xml; path = Info.plist; sourceTree = "<group>"; };
		F26B0CD1221CDBAC003913D6 /* WorldTrotterTests.xctest */ = {isa = PBXFileReference; explicitFileType = wrapper.cfbundle; includeInIndex = 0; path = WorldTrotterTests.xctest; sourceTree = BUILT_PRODUCTS_DIR; };
		F26B0CD5221CDBAC003913D6 /* WorldTrotterTests.swift */ = {isa = PBXFileReference; lastKnownFileType = sourcecode.swift; path = WorldTrotterTests.swift; sourceTree = "<group>"; };
		F26B0CD7221CDBAC003913D6 /* Info.plist */ = {isa = PBXFileReference; lastKnownFileType = text.plist.xml; path = Info.plist; sourceTree = "<group>"; };
		F26B0CDC221CDBAC003913D6 /* WorldTrotterUITests.xctest */ = {isa = PBXFileReference; explicitFileType = wrapper.cfbundle; includeInIndex = 0; path = WorldTrotterUITests.xctest; sourceTree = BUILT_PRODUCTS_DIR; };
		F26B0CE0221CDBAC003913D6 /* WorldTrotterUITests.swift */ = {isa = PBXFileReference; lastKnownFileType = sourcecode.swift; path = WorldTrotterUITests.swift; sourceTree = "<group>"; };
		F26B0CE2221CDBAC003913D6 /* Info.plist */ = {isa = PBXFileReference; lastKnownFileType = text.plist.xml; path = Info.plist; sourceTree = "<group>"; };
		F2830B0522261C940063CE6E /* ConversionViewController.swift */ = {isa = PBXFileReference; lastKnownFileType = sourcecode.swift; path = ConversionViewController.swift; sourceTree = "<group>"; };
/* End PBXFileReference section */

/* Begin PBXFrameworksBuildPhase section */
		F26B0CBA221CDBAA003913D6 /* Frameworks */ = {
			isa = PBXFrameworksBuildPhase;
			buildActionMask = 2147483647;
			files = (
			);
			runOnlyForDeploymentPostprocessing = 0;
		};
		F26B0CCE221CDBAC003913D6 /* Frameworks */ = {
			isa = PBXFrameworksBuildPhase;
			buildActionMask = 2147483647;
			files = (
			);
			runOnlyForDeploymentPostprocessing = 0;
		};
		F26B0CD9221CDBAC003913D6 /* Frameworks */ = {
			isa = PBXFrameworksBuildPhase;
			buildActionMask = 2147483647;
			files = (
			);
			runOnlyForDeploymentPostprocessing = 0;
		};
/* End PBXFrameworksBuildPhase section */

/* Begin PBXGroup section */
		F26B0CB4221CDBAA003913D6 = {
			isa = PBXGroup;
			children = (
				F26B0CBF221CDBAA003913D6 /* WorldTrotter */,
				F26B0CD4221CDBAC003913D6 /* WorldTrotterTests */,
				F26B0CDF221CDBAC003913D6 /* WorldTrotterUITests */,
				F26B0CBE221CDBAA003913D6 /* Products */,
			);
			sourceTree = "<group>";
		};
		F26B0CBE221CDBAA003913D6 /* Products */ = {
			isa = PBXGroup;
			children = (
				F26B0CBD221CDBAA003913D6 /* WorldTrotter.app */,
				F26B0CD1221CDBAC003913D6 /* WorldTrotterTests.xctest */,
				F26B0CDC221CDBAC003913D6 /* WorldTrotterUITests.xctest */,
			);
			name = Products;
			sourceTree = "<group>";
		};
		F26B0CBF221CDBAA003913D6 /* WorldTrotter */ = {
			isa = PBXGroup;
			children = (
				F2830B0522261C940063CE6E /* ConversionViewController.swift */,
				F26B0CC0221CDBAA003913D6 /* AppDelegate.swift */,
				F26B0CC4221CDBAB003913D6 /* Main.storyboard */,
				F26B0CC7221CDBAC003913D6 /* Assets.xcassets */,
				F26B0CC9221CDBAC003913D6 /* LaunchScreen.storyboard */,
				F26B0CCC221CDBAC003913D6 /* Info.plist */,
			);
			path = WorldTrotter;
			sourceTree = "<group>";
		};
		F26B0CD4221CDBAC003913D6 /* WorldTrotterTests */ = {
			isa = PBXGroup;
			children = (
				F26B0CD5221CDBAC003913D6 /* WorldTrotterTests.swift */,
				F26B0CD7221CDBAC003913D6 /* Info.plist */,
			);
			path = WorldTrotterTests;
			sourceTree = "<group>";
		};
		F26B0CDF221CDBAC003913D6 /* WorldTrotterUITests */ = {
			isa = PBXGroup;
			children = (
				F26B0CE0221CDBAC003913D6 /* WorldTrotterUITests.swift */,
				F26B0CE2221CDBAC003913D6 /* Info.plist */,
			);
			path = WorldTrotterUITests;
			sourceTree = "<group>";
		};
/* End PBXGroup section */

/* Begin PBXNativeTarget section */
		F26B0CBC221CDBAA003913D6 /* WorldTrotter */ = {
			isa = PBXNativeTarget;
			buildConfigurationList = F26B0CE5221CDBAC003913D6 /* Build configuration list for PBXNativeTarget "WorldTrotter" */;
			buildPhases = (
				F26B0CB9221CDBAA003913D6 /* Sources */,
				F26B0CBA221CDBAA003913D6 /* Frameworks */,
				F26B0CBB221CDBAA003913D6 /* Resources */,
			);
			buildRules = (
			);
			dependencies = (
			);
			name = WorldTrotter;
			productName = WorldTrotter;
			productReference = F26B0CBD221CDBAA003913D6 /* WorldTrotter.app */;
			productType = "com.apple.product-type.application";
		};
		F26B0CD0221CDBAC003913D6 /* WorldTrotterTests */ = {
			isa = PBXNativeTarget;
			buildConfigurationList = F26B0CE8221CDBAC003913D6 /* Build configuration list for PBXNativeTarget "WorldTrotterTests" */;
			buildPhases = (
				F26B0CCD221CDBAC003913D6 /* Sources */,
				F26B0CCE221CDBAC003913D6 /* Frameworks */,
				F26B0CCF221CDBAC003913D6 /* Resources */,
			);
			buildRules = (
			);
			dependencies = (
				F26B0CD3221CDBAC003913D6 /* PBXTargetDependency */,
			);
			name = WorldTrotterTests;
			productName = WorldTrotterTests;
			productReference = F26B0CD1221CDBAC003913D6 /* WorldTrotterTests.xctest */;
			productType = "com.apple.product-type.bundle.unit-test";
		};
		F26B0CDB221CDBAC003913D6 /* WorldTrotterUITests */ = {
			isa = PBXNativeTarget;
			buildConfigurationList = F26B0CEB221CDBAC003913D6 /* Build configuration list for PBXNativeTarget "WorldTrotterUITests" */;
			buildPhases = (
				F26B0CD8221CDBAC003913D6 /* Sources */,
				F26B0CD9221CDBAC003913D6 /* Frameworks */,
				F26B0CDA221CDBAC003913D6 /* Resources */,
			);
			buildRules = (
			);
			dependencies = (
				F26B0CDE221CDBAC003913D6 /* PBXTargetDependency */,
			);
			name = WorldTrotterUITests;
			productName = WorldTrotterUITests;
			productReference = F26B0CDC221CDBAC003913D6 /* WorldTrotterUITests.xctest */;
			productType = "com.apple.product-type.bundle.ui-testing";
		};
/* End PBXNativeTarget section */

/* Begin PBXProject section */
		F26B0CB5221CDBAA003913D6 /* Project object */ = {
			isa = PBXProject;
			attributes = {
				LastSwiftUpdateCheck = 1010;
				LastUpgradeCheck = 1010;
				ORGANIZATIONNAME = "Mohammad Barrawi";
				TargetAttributes = {
					F26B0CBC221CDBAA003913D6 = {
						CreatedOnToolsVersion = 10.1;
					};
					F26B0CD0221CDBAC003913D6 = {
						CreatedOnToolsVersion = 10.1;
						TestTargetID = F26B0CBC221CDBAA003913D6;
					};
					F26B0CDB221CDBAC003913D6 = {
						CreatedOnToolsVersion = 10.1;
						TestTargetID = F26B0CBC221CDBAA003913D6;
					};
				};
			};
			buildConfigurationList = F26B0CB8221CDBAA003913D6 /* Build configuration list for PBXProject "WorldTrotter" */;
			compatibilityVersion = "Xcode 9.3";
			developmentRegion = en;
			hasScannedForEncodings = 0;
			knownRegions = (
				en,
				Base,
			);
			mainGroup = F26B0CB4221CDBAA003913D6;
			productRefGroup = F26B0CBE221CDBAA003913D6 /* Products */;
			projectDirPath = "";
			projectRoot = "";
			targets = (
				F26B0CBC221CDBAA003913D6 /* WorldTrotter */,
				F26B0CD0221CDBAC003913D6 /* WorldTrotterTests */,
				F26B0CDB221CDBAC003913D6 /* WorldTrotterUITests */,
			);
		};
/* End PBXProject section */

/* Begin PBXResourcesBuildPhase section */
		F26B0CBB221CDBAA003913D6 /* Resources */ = {
			isa = PBXResourcesBuildPhase;
			buildActionMask = 2147483647;
			files = (
				F26B0CCB221CDBAC003913D6 /* LaunchScreen.storyboard in Resources */,
				F26B0CC8221CDBAC003913D6 /* Assets.xcassets in Resources */,
				F26B0CC6221CDBAB003913D6 /* Main.storyboard in Resources */,
			);
			runOnlyForDeploymentPostprocessing = 0;
		};
		F26B0CCF221CDBAC003913D6 /* Resources */ = {
			isa = PBXResourcesBuildPhase;
			buildActionMask = 2147483647;
			files = (
			);
			runOnlyForDeploymentPostprocessing = 0;
		};
		F26B0CDA221CDBAC003913D6 /* Resources */ = {
			isa = PBXResourcesBuildPhase;
			buildActionMask = 2147483647;
			files = (
			);
			runOnlyForDeploymentPostprocessing = 0;
		};
/* End PBXResourcesBuildPhase section */

/* Begin PBXSourcesBuildPhase section */
		F26B0CB9221CDBAA003913D6 /* Sources */ = {
			isa = PBXSourcesBuildPhase;
			buildActionMask = 2147483647;
			files = (
				F2830B0622261C940063CE6E /* ConversionViewController.swift in Sources */,
				F26B0CC1221CDBAA003913D6 /* AppDelegate.swift in Sources */,
			);
			runOnlyForDeploymentPostprocessing = 0;
		};
		F26B0CCD221CDBAC003913D6 /* Sources */ = {
			isa = PBXSourcesBuildPhase;
			buildActionMask = 2147483647;
			files = (
				F26B0CD6221CDBAC003913D6 /* WorldTrotterTests.swift in Sources */,
			);
			runOnlyForDeploymentPostprocessing = 0;
		};
		F26B0CD8221CDBAC003913D6 /* Sources */ = {
			isa = PBXSourcesBuildPhase;
			buildActionMask = 2147483647;
			files = (
				F26B0CE1221CDBAC003913D6 /* WorldTrotterUITests.swift in Sources */,
			);
			runOnlyForDeploymentPostprocessing = 0;
		};
/* End PBXSourcesBuildPhase section */

/* Begin PBXTargetDependency section */
		F26B0CD3221CDBAC003913D6 /* PBXTargetDependency */ = {
			isa = PBXTargetDependency;
			target = F26B0CBC221CDBAA003913D6 /* WorldTrotter */;
			targetProxy = F26B0CD2221CDBAC003913D6 /* PBXContainerItemProxy */;
		};
		F26B0CDE221CDBAC003913D6 /* PBXTargetDependency */ = {
			isa = PBXTargetDependency;
			target = F26B0CBC221CDBAA003913D6 /* WorldTrotter */;
			targetProxy = F26B0CDD221CDBAC003913D6 /* PBXContainerItemProxy */;
		};
/* End PBXTargetDependency section */

/* Begin PBXVariantGroup section */
		F26B0CC4221CDBAB003913D6 /* Main.storyboard */ = {
			isa = PBXVariantGroup;
			children = (
				F26B0CC5221CDBAB003913D6 /* Base */,
			);
			name = Main.storyboard;
			sourceTree = "<group>";
		};
		F26B0CC9221CDBAC003913D6 /* LaunchScreen.storyboard */ = {
			isa = PBXVariantGroup;
			children = (
				F26B0CCA221CDBAC003913D6 /* Base */,
			);
			name = LaunchScreen.storyboard;
			sourceTree = "<group>";
		};
/* End PBXVariantGroup section */

/* Begin XCBuildConfiguration section */
		F26B0CE3221CDBAC003913D6 /* Debug */ = {
			isa = XCBuildConfiguration;
			buildSettings = {
				ALWAYS_SEARCH_USER_PATHS = NO;
				CLANG_ANALYZER_NONNULL = YES;
				CLANG_ANALYZER_NUMBER_OBJECT_CONVERSION = YES_AGGRESSIVE;
				CLANG_CXX_LANGUAGE_STANDARD = "gnu++14";
				CLANG_CXX_LIBRARY = "libc++";
				CLANG_ENABLE_MODULES = YES;
				CLANG_ENABLE_OBJC_ARC = YES;
				CLANG_ENABLE_OBJC_WEAK = YES;
				CLANG_WARN_BLOCK_CAPTURE_AUTORELEASING = YES;
				CLANG_WARN_BOOL_CONVERSION = YES;
				CLANG_WARN_COMMA = YES;
				CLANG_WARN_CONSTANT_CONVERSION = YES;
				CLANG_WARN_DEPRECATED_OBJC_IMPLEMENTATIONS = YES;
				CLANG_WARN_DIRECT_OBJC_ISA_USAGE = YES_ERROR;
				CLANG_WARN_DOCUMENTATION_COMMENTS = YES;
				CLANG_WARN_EMPTY_BODY = YES;
				CLANG_WARN_ENUM_CONVERSION = YES;
				CLANG_WARN_INFINITE_RECURSION = YES;
				CLANG_WARN_INT_CONVERSION = YES;
				CLANG_WARN_NON_LITERAL_NULL_CONVERSION = YES;
				CLANG_WARN_OBJC_IMPLICIT_RETAIN_SELF = YES;
				CLANG_WARN_OBJC_LITERAL_CONVERSION = YES;
				CLANG_WARN_OBJC_ROOT_CLASS = YES_ERROR;
				CLANG_WARN_RANGE_LOOP_ANALYSIS = YES;
				CLANG_WARN_STRICT_PROTOTYPES = YES;
				CLANG_WARN_SUSPICIOUS_MOVE = YES;
				CLANG_WARN_UNGUARDED_AVAILABILITY = YES_AGGRESSIVE;
				CLANG_WARN_UNREACHABLE_CODE = YES;
				CLANG_WARN__DUPLICATE_METHOD_MATCH = YES;
				CODE_SIGN_IDENTITY = "iPhone Developer";
				COPY_PHASE_STRIP = NO;
				DEBUG_INFORMATION_FORMAT = dwarf;
				ENABLE_STRICT_OBJC_MSGSEND = YES;
				ENABLE_TESTABILITY = YES;
				GCC_C_LANGUAGE_STANDARD = gnu11;
				GCC_DYNAMIC_NO_PIC = NO;
				GCC_NO_COMMON_BLOCKS = YES;
				GCC_OPTIMIZATION_LEVEL = 0;
				GCC_PREPROCESSOR_DEFINITIONS = (
					"DEBUG=1",
					"$(inherited)",
				);
				GCC_WARN_64_TO_32_BIT_CONVERSION = YES;
				GCC_WARN_ABOUT_RETURN_TYPE = YES_ERROR;
				GCC_WARN_UNDECLARED_SELECTOR = YES;
				GCC_WARN_UNINITIALIZED_AUTOS = YES_AGGRESSIVE;
				GCC_WARN_UNUSED_FUNCTION = YES;
				GCC_WARN_UNUSED_VARIABLE = YES;
				IPHONEOS_DEPLOYMENT_TARGET = 12.1;
				MTL_ENABLE_DEBUG_INFO = INCLUDE_SOURCE;
				MTL_FAST_MATH = YES;
				ONLY_ACTIVE_ARCH = YES;
				SDKROOT = iphoneos;
				SWIFT_ACTIVE_COMPILATION_CONDITIONS = DEBUG;
				SWIFT_OPTIMIZATION_LEVEL = "-Onone";
			};
			name = Debug;
		};
		F26B0CE4221CDBAC003913D6 /* Release */ = {
			isa = XCBuildConfiguration;
			buildSettings = {
				ALWAYS_SEARCH_USER_PATHS = NO;
				CLANG_ANALYZER_NONNULL = YES;
				CLANG_ANALYZER_NUMBER_OBJECT_CONVERSION = YES_AGGRESSIVE;
				CLANG_CXX_LANGUAGE_STANDARD = "gnu++14";
				CLANG_CXX_LIBRARY = "libc++";
				CLANG_ENABLE_MODULES = YES;
				CLANG_ENABLE_OBJC_ARC = YES;
				CLANG_ENABLE_OBJC_WEAK = YES;
				CLANG_WARN_BLOCK_CAPTURE_AUTORELEASING = YES;
				CLANG_WARN_BOOL_CONVERSION = YES;
				CLANG_WARN_COMMA = YES;
				CLANG_WARN_CONSTANT_CONVERSION = YES;
				CLANG_WARN_DEPRECATED_OBJC_IMPLEMENTATIONS = YES;
				CLANG_WARN_DIRECT_OBJC_ISA_USAGE = YES_ERROR;
				CLANG_WARN_DOCUMENTATION_COMMENTS = YES;
				CLANG_WARN_EMPTY_BODY = YES;
				CLANG_WARN_ENUM_CONVERSION = YES;
				CLANG_WARN_INFINITE_RECURSION = YES;
				CLANG_WARN_INT_CONVERSION = YES;
				CLANG_WARN_NON_LITERAL_NULL_CONVERSION = YES;
				CLANG_WARN_OBJC_IMPLICIT_RETAIN_SELF = YES;
				CLANG_WARN_OBJC_LITERAL_CONVERSION = YES;
				CLANG_WARN_OBJC_ROOT_CLASS = YES_ERROR;
				CLANG_WARN_RANGE_LOOP_ANALYSIS = YES;
				CLANG_WARN_STRICT_PROTOTYPES = YES;
				CLANG_WARN_SUSPICIOUS_MOVE = YES;
				CLANG_WARN_UNGUARDED_AVAILABILITY = YES_AGGRESSIVE;
				CLANG_WARN_UNREACHABLE_CODE = YES;
				CLANG_WARN__DUPLICATE_METHOD_MATCH = YES;
				CODE_SIGN_IDENTITY = "iPhone Developer";
				COPY_PHASE_STRIP = NO;
				DEBUG_INFORMATION_FORMAT = "dwarf-with-dsym";
				ENABLE_NS_ASSERTIONS = NO;
				ENABLE_STRICT_OBJC_MSGSEND = YES;
				GCC_C_LANGUAGE_STANDARD = gnu11;
				GCC_NO_COMMON_BLOCKS = YES;
				GCC_WARN_64_TO_32_BIT_CONVERSION = YES;
				GCC_WARN_ABOUT_RETURN_TYPE = YES_ERROR;
				GCC_WARN_UNDECLARED_SELECTOR = YES;
				GCC_WARN_UNINITIALIZED_AUTOS = YES_AGGRESSIVE;
				GCC_WARN_UNUSED_FUNCTION = YES;
				GCC_WARN_UNUSED_VARIABLE = YES;
				IPHONEOS_DEPLOYMENT_TARGET = 12.1;
				MTL_ENABLE_DEBUG_INFO = NO;
				MTL_FAST_MATH = YES;
				SDKROOT = iphoneos;
				SWIFT_COMPILATION_MODE = wholemodule;
				SWIFT_OPTIMIZATION_LEVEL = "-O";
				VALIDATE_PRODUCT = YES;
			};
			name = Release;
		};
		F26B0CE6221CDBAC003913D6 /* Debug */ = {
			isa = XCBuildConfiguration;
			buildSettings = {
				ASSETCATALOG_COMPILER_APPICON_NAME = AppIcon;
				CODE_SIGN_STYLE = Automatic;
				INFOPLIST_FILE = WorldTrotter/Info.plist;
				LD_RUNPATH_SEARCH_PATHS = (
					"$(inherited)",
					"@executable_path/Frameworks",
				);
				PRODUCT_BUNDLE_IDENTIFIER = mohammad.barrawi.WorldTrotter;
				PRODUCT_NAME = "$(TARGET_NAME)";
				SWIFT_VERSION = 4.2;
				TARGETED_DEVICE_FAMILY = "1,2";
			};
			name = Debug;
		};
		F26B0CE7221CDBAC003913D6 /* Release */ = {
			isa = XCBuildConfiguration;
			buildSettings = {
				ASSETCATALOG_COMPILER_APPICON_NAME = AppIcon;
				CODE_SIGN_STYLE = Automatic;
				INFOPLIST_FILE = WorldTrotter/Info.plist;
				LD_RUNPATH_SEARCH_PATHS = (
					"$(inherited)",
					"@executable_path/Frameworks",
				);
				PRODUCT_BUNDLE_IDENTIFIER = mohammad.barrawi.WorldTrotter;
				PRODUCT_NAME = "$(TARGET_NAME)";
				SWIFT_VERSION = 4.2;
				TARGETED_DEVICE_FAMILY = "1,2";
			};
			name = Release;
		};
		F26B0CE9221CDBAC003913D6 /* Debug */ = {
			isa = XCBuildConfiguration;
			buildSettings = {
				ALWAYS_EMBED_SWIFT_STANDARD_LIBRARIES = YES;
				BUNDLE_LOADER = "$(TEST_HOST)";
				CODE_SIGN_STYLE = Automatic;
				INFOPLIST_FILE = WorldTrotterTests/Info.plist;
				LD_RUNPATH_SEARCH_PATHS = (
					"$(inherited)",
					"@executable_path/Frameworks",
					"@loader_path/Frameworks",
				);
				PRODUCT_BUNDLE_IDENTIFIER = mohammad.barrawi.WorldTrotterTests;
				PRODUCT_NAME = "$(TARGET_NAME)";
				SWIFT_VERSION = 4.2;
				TARGETED_DEVICE_FAMILY = "1,2";
				TEST_HOST = "$(BUILT_PRODUCTS_DIR)/WorldTrotter.app/WorldTrotter";
			};
			name = Debug;
		};
		F26B0CEA221CDBAC003913D6 /* Release */ = {
			isa = XCBuildConfiguration;
			buildSettings = {
				ALWAYS_EMBED_SWIFT_STANDARD_LIBRARIES = YES;
				BUNDLE_LOADER = "$(TEST_HOST)";
				CODE_SIGN_STYLE = Automatic;
				INFOPLIST_FILE = WorldTrotterTests/Info.plist;
				LD_RUNPATH_SEARCH_PATHS = (
					"$(inherited)",
					"@executable_path/Frameworks",
					"@loader_path/Frameworks",
				);
				PRODUCT_BUNDLE_IDENTIFIER = mohammad.barrawi.WorldTrotterTests;
				PRODUCT_NAME = "$(TARGET_NAME)";
				SWIFT_VERSION = 4.2;
				TARGETED_DEVICE_FAMILY = "1,2";
				TEST_HOST = "$(BUILT_PRODUCTS_DIR)/WorldTrotter.app/WorldTrotter";
			};
			name = Release;
		};
		F26B0CEC221CDBAC003913D6 /* Debug */ = {
			isa = XCBuildConfiguration;
			buildSettings = {
				ALWAYS_EMBED_SWIFT_STANDARD_LIBRARIES = YES;
				CODE_SIGN_STYLE = Automatic;
				INFOPLIST_FILE = WorldTrotterUITests/Info.plist;
				LD_RUNPATH_SEARCH_PATHS = (
					"$(inherited)",
					"@executable_path/Frameworks",
					"@loader_path/Frameworks",
				);
				PRODUCT_BUNDLE_IDENTIFIER = mohammad.barrawi.WorldTrotterUITests;
				PRODUCT_NAME = "$(TARGET_NAME)";
				SWIFT_VERSION = 4.2;
				TARGETED_DEVICE_FAMILY = "1,2";
				TEST_TARGET_NAME = WorldTrotter;
			};
			name = Debug;
		};
		F26B0CED221CDBAC003913D6 /* Release */ = {
			isa = XCBuildConfiguration;
			buildSettings = {
				ALWAYS_EMBED_SWIFT_STANDARD_LIBRARIES = YES;
				CODE_SIGN_STYLE = Automatic;
				INFOPLIST_FILE = WorldTrotterUITests/Info.plist;
				LD_RUNPATH_SEARCH_PATHS = (
					"$(inherited)",
					"@executable_path/Frameworks",
					"@loader_path/Frameworks",
				);
				PRODUCT_BUNDLE_IDENTIFIER = mohammad.barrawi.WorldTrotterUITests;
				PRODUCT_NAME = "$(TARGET_NAME)";
				SWIFT_VERSION = 4.2;
				TARGETED_DEVICE_FAMILY = "1,2";
				TEST_TARGET_NAME = WorldTrotter;
			};
			name = Release;
		};
/* End XCBuildConfiguration section */

/* Begin XCConfigurationList section */
		F26B0CB8221CDBAA003913D6 /* Build configuration list for PBXProject "WorldTrotter" */ = {
			isa = XCConfigurationList;
			buildConfigurations = (
				F26B0CE3221CDBAC003913D6 /* Debug */,
				F26B0CE4221CDBAC003913D6 /* Release */,
			);
			defaultConfigurationIsVisible = 0;
			defaultConfigurationName = Release;
		};
		F26B0CE5221CDBAC003913D6 /* Build configuration list for PBXNativeTarget "WorldTrotter" */ = {
			isa = XCConfigurationList;
			buildConfigurations = (
				F26B0CE6221CDBAC003913D6 /* Debug */,
				F26B0CE7221CDBAC003913D6 /* Release */,
			);
			defaultConfigurationIsVisible = 0;
			defaultConfigurationName = Release;
		};
		F26B0CE8221CDBAC003913D6 /* Build configuration list for PBXNativeTarget "WorldTrotterTests" */ = {
			isa = XCConfigurationList;
			buildConfigurations = (
				F26B0CE9221CDBAC003913D6 /* Debug */,
				F26B0CEA221CDBAC003913D6 /* Release */,
			);
			defaultConfigurationIsVisible = 0;
			defaultConfigurationName = Release;
		};
		F26B0CEB221CDBAC003913D6 /* Build configuration list for PBXNativeTarget "WorldTrotterUITests" */ = {
			isa = XCConfigurationList;
			buildConfigurations = (
				F26B0CEC221CDBAC003913D6 /* Debug */,
				F26B0CED221CDBAC003913D6 /* Release */,
			);
			defaultConfigurationIsVisible = 0;
			defaultConfigurationName = Release;
		};
/* End XCConfigurationList section */
	};
	rootObject = F26B0CB5221CDBAA003913D6 /* Project object */;
}
